
Microsoft Visual Studio Solution File, Format Version 12.00
# Visual Studio Version 17
VisualStudioVersion = 17.8.34525.116
MinimumVisualStudioVersion = 10.0.40219.1
Project("{FAE04EC0-301F-11D3-BF4B-00C04F79EFBC}") = "ConsoleApp11", "ConsoleApp11\ConsoleApp11.csproj", "{F325458E-FA51-4072-91A5-BA43F4777C0A}"
EndProject
Global
	GlobalSection(SolutionConfigurationPlatforms) = preSolution
		Debug|Any CPU = Debug|Any CPU
		Release|Any CPU = Release|Any CPU
	EndGlobalSection
	GlobalSection(ProjectConfigurationPlatforms) = postSolution
		{F325458E-FA51-4072-91A5-BA43F4777C0A}.Debug|Any CPU.ActiveCfg = Debug|Any CPU
		{F325458E-FA51-4072-91A5-BA43F4777C0A}.Debug|Any CPU.Build.0 = Debug|Any CPU
		{F325458E-FA51-4072-91A5-BA43F4777C0A}.Release|Any CPU.ActiveCfg = Release|Any CPU
		{F325458E-FA51-4072-91A5-BA43F4777C0A}.Release|Any CPU.Build.0 = Release|Any CPU
	EndGlobalSection
	GlobalSection(SolutionProperties) = preSolution
		HideSolutionNode = FALSE
	EndGlobalSection
	GlobalSection(ExtensibilityGlobals) = postSolution
		SolutionGuid = {4A1C720D-FD32-422F-A3B8-38D26F2B9CB2}
	EndGlobalSection
EndGlobal
